
Microsoft Visual Studio Solution File, Format Version 12.00
# Visual Studio 2012
Project("{FAE04EC0-301F-11D3-BF4B-00C04F79EFBC}") = "cyber-bingo", "cyber-bingo\cyber-bingo.csproj", "{CAC07889-EDE7-4F73-AEC9-0AC5570B8C10}"
EndProject
Global
	GlobalSection(SolutionConfigurationPlatforms) = preSolution
		Debug|Any CPU = Debug|Any CPU
		Release|Any CPU = Release|Any CPU
	EndGlobalSection
	GlobalSection(ProjectConfigurationPlatforms) = postSolution
		{CAC07889-EDE7-4F73-AEC9-0AC5570B8C10}.Debug|Any CPU.ActiveCfg = Debug|Any CPU
		{CAC07889-EDE7-4F73-AEC9-0AC5570B8C10}.Debug|Any CPU.Build.0 = Debug|Any CPU
		{CAC07889-EDE7-4F73-AEC9-0AC5570B8C10}.Release|Any CPU.ActiveCfg = Release|Any CPU
		{CAC07889-EDE7-4F73-AEC9-0AC5570B8C10}.Release|Any CPU.Build.0 = Release|Any CPU
	EndGlobalSection
	GlobalSection(SolutionProperties) = preSolution
		HideSolutionNode = FALSE
	EndGlobalSection
EndGlobal
